
Microsoft Visual Studio Solution File, Format Version 12.00
# Visual Studio 15
VisualStudioVersion = 15.0.28307.329
MinimumVisualStudioVersion = 10.0.40219.1
Project("{FAE04EC0-301F-11D3-BF4B-00C04F79EFBC}") = "CodeFirstApi", "CodeFirstApi\CodeFirstApi.csproj", "{0239EAD5-E700-4D64-962C-07F7B24472EA}"
	ProjectSection(ProjectDependencies) = postProject
		{CD8E6570-0014-4188-97DC-F005C629DFCB} = {CD8E6570-0014-4188-97DC-F005C629DFCB}
	EndProjectSection
EndProject
Project("{E24C65DC-7377-472B-9ABA-BC803B73C61A}") = "ProjectView", "ProjectView\", "{CD8E6570-0014-4188-97DC-F005C629DFCB}"
	ProjectSection(WebsiteProperties) = preProject
		TargetFrameworkMoniker = ".NETFramework,Version%3Dv4.6.1"
		Debug.AspNetCompiler.VirtualPath = "/localhost_53803"
		Debug.AspNetCompiler.PhysicalPath = "ProjectView\"
		Debug.AspNetCompiler.TargetPath = "PrecompiledWeb\localhost_53803\"
		Debug.AspNetCompiler.Updateable = "true"
		Debug.AspNetCompiler.ForceOverwrite = "true"
		Debug.AspNetCompiler.FixedNames = "false"
		Debug.AspNetCompiler.Debug = "True"
		Release.AspNetCompiler.VirtualPath = "/localhost_53803"
		Release.AspNetCompiler.PhysicalPath = "ProjectView\"
		Release.AspNetCompiler.TargetPath = "PrecompiledWeb\localhost_53803\"
		Release.AspNetCompiler.Updateable = "true"
		Release.AspNetCompiler.ForceOverwrite = "true"
		Release.AspNetCompiler.FixedNames = "false"
		Release.AspNetCompiler.Debug = "False"
		VWDPort = "53803"
		SlnRelativePath = "ProjectView\"
		DefaultWebSiteLanguage = "Visual C#"
	EndProjectSection
EndProject
Global
	GlobalSection(SolutionConfigurationPlatforms) = preSolution
		Debug|Any CPU = Debug|Any CPU
		Release|Any CPU = Release|Any CPU
	EndGlobalSection
	GlobalSection(ProjectConfigurationPlatforms) = postSolution
		{0239EAD5-E700-4D64-962C-07F7B24472EA}.Debug|Any CPU.ActiveCfg = Debug|Any CPU
		{0239EAD5-E700-4D64-962C-07F7B24472EA}.Debug|Any CPU.Build.0 = Debug|Any CPU
		{0239EAD5-E700-4D64-962C-07F7B24472EA}.Release|Any CPU.ActiveCfg = Release|Any CPU
		{0239EAD5-E700-4D64-962C-07F7B24472EA}.Release|Any CPU.Build.0 = Release|Any CPU
		{CD8E6570-0014-4188-97DC-F005C629DFCB}.Debug|Any CPU.ActiveCfg = Debug|Any CPU
		{CD8E6570-0014-4188-97DC-F005C629DFCB}.Debug|Any CPU.Build.0 = Debug|Any CPU
		{CD8E6570-0014-4188-97DC-F005C629DFCB}.Release|Any CPU.ActiveCfg = Debug|Any CPU
		{CD8E6570-0014-4188-97DC-F005C629DFCB}.Release|Any CPU.Build.0 = Debug|Any CPU
	EndGlobalSection
	GlobalSection(SolutionProperties) = preSolution
		HideSolutionNode = FALSE
	EndGlobalSection
	GlobalSection(ExtensibilityGlobals) = postSolution
		SolutionGuid = {93BB585A-F7F5-44E8-8BDB-D3D2E054BFFA}
	EndGlobalSection
EndGlobal
